
Microsoft Visual Studio Solution File, Format Version 12.00
# Visual Studio 15
VisualStudioVersion = 15.0.28307.329
MinimumVisualStudioVersion = 10.0.40219.1
Project("{9A19103F-16F7-4668-BE54-9A1E7A4F7556}") = "GlobeMantics", "GlobeMantics\GlobeMantics.csproj", "{FF546BC9-B1AE-4AF2-91DC-99DA47D09797}"
EndProject
Project("{FAE04EC0-301F-11D3-BF4B-00C04F79EFBC}") = "Shared", "Shared\Shared.csproj", "{9A347F6D-8DDD-4C82-AB69-B0A2D6D9231A}"
EndProject
Global
	GlobalSection(SolutionConfigurationPlatforms) = preSolution
		Debug|Any CPU = Debug|Any CPU
		Release|Any CPU = Release|Any CPU
	EndGlobalSection
	GlobalSection(ProjectConfigurationPlatforms) = postSolution
		{FF546BC9-B1AE-4AF2-91DC-99DA47D09797}.Debug|Any CPU.ActiveCfg = Debug|Any CPU
		{FF546BC9-B1AE-4AF2-91DC-99DA47D09797}.Debug|Any CPU.Build.0 = Debug|Any CPU
		{FF546BC9-B1AE-4AF2-91DC-99DA47D09797}.Release|Any CPU.ActiveCfg = Release|Any CPU
		{FF546BC9-B1AE-4AF2-91DC-99DA47D09797}.Release|Any CPU.Build.0 = Release|Any CPU
		{9A347F6D-8DDD-4C82-AB69-B0A2D6D9231A}.Debug|Any CPU.ActiveCfg = Debug|Any CPU
		{9A347F6D-8DDD-4C82-AB69-B0A2D6D9231A}.Debug|Any CPU.Build.0 = Debug|Any CPU
		{9A347F6D-8DDD-4C82-AB69-B0A2D6D9231A}.Release|Any CPU.ActiveCfg = Release|Any CPU
		{9A347F6D-8DDD-4C82-AB69-B0A2D6D9231A}.Release|Any CPU.Build.0 = Release|Any CPU
	EndGlobalSection
	GlobalSection(SolutionProperties) = preSolution
		HideSolutionNode = FALSE
	EndGlobalSection
	GlobalSection(ExtensibilityGlobals) = postSolution
		SolutionGuid = {AFDCFD47-9A70-46CD-8B3A-E59B36B4295E}
	EndGlobalSection
EndGlobal
